// !$*UTF8*$!
{
	archiveVersion = 1;
	classes = {
	};
	objectVersion = 50;
	objects = {

/* Begin PBXBuildFile section */
		FF6B7D06227C4AE500ECAAC4 /* AppDelegate.swift in Sources */ = {isa = PBXBuildFile; fileRef = FF6B7D05227C4AE500ECAAC4 /* AppDelegate.swift */; };
		FF6B7D0B227C4AE500ECAAC4 /* Main.storyboard in Resources */ = {isa = PBXBuildFile; fileRef = FF6B7D09227C4AE500ECAAC4 /* Main.storyboard */; };
		FF6B7D0D227C4AE600ECAAC4 /* Assets.xcassets in Resources */ = {isa = PBXBuildFile; fileRef = FF6B7D0C227C4AE600ECAAC4 /* Assets.xcassets */; };
		FF6B7D10227C4AE600ECAAC4 /* LaunchScreen.storyboard in Resources */ = {isa = PBXBuildFile; fileRef = FF6B7D0E227C4AE600ECAAC4 /* LaunchScreen.storyboard */; };
		FF6B7D18227C514200ECAAC4 /* Task.swift in Sources */ = {isa = PBXBuildFile; fileRef = FF6B7D17227C514200ECAAC4 /* Task.swift */; };
		FF6B7D1A227D8EBB00ECAAC4 /* TaskDataSource.swift in Sources */ = {isa = PBXBuildFile; fileRef = FF6B7D19227D8EBB00ECAAC4 /* TaskDataSource.swift */; };
		FF6B7D1C227E9BF100ECAAC4 /* TaskListCell.swift in Sources */ = {isa = PBXBuildFile; fileRef = FF6B7D1B227E9BF100ECAAC4 /* TaskListCell.swift */; };
		FF6B7D1E228018AE00ECAAC4 /* TaskListViewController.swift in Sources */ = {isa = PBXBuildFile; fileRef = FF6B7D1D228018AE00ECAAC4 /* TaskListViewController.swift */; };
		FF6B7D202280370000ECAAC4 /* CreateTaskView.swift in Sources */ = {isa = PBXBuildFile; fileRef = FF6B7D1F2280370000ECAAC4 /* CreateTaskView.swift */; };
		FF6B7D222284749B00ECAAC4 /* CreateTaskViewController.swift in Sources */ = {isa = PBXBuildFile; fileRef = FF6B7D212284749B00ECAAC4 /* CreateTaskViewController.swift */; };
/* End PBXBuildFile section */

/* Begin PBXFileReference section */
		FF6B7D02227C4AE500ECAAC4 /* TaskManagement.app */ = {isa = PBXFileReference; explicitFileType = wrapper.application; includeInIndex = 0; path = TaskManagement.app; sourceTree = BUILT_PRODUCTS_DIR; };
		FF6B7D05227C4AE500ECAAC4 /* AppDelegate.swift */ = {isa = PBXFileReference; lastKnownFileType = sourcecode.swift; path = AppDelegate.swift; sourceTree = "<group>"; };
		FF6B7D0A227C4AE500ECAAC4 /* Base */ = {isa = PBXFileReference; lastKnownFileType = file.storyboard; name = Base; path = Base.lproj/Main.storyboard; sourceTree = "<group>"; };
		FF6B7D0C227C4AE600ECAAC4 /* Assets.xcassets */ = {isa = PBXFileReference; lastKnownFileType = folder.assetcatalog; path = Assets.xcassets; sourceTree = "<group>"; };
		FF6B7D0F227C4AE600ECAAC4 /* Base */ = {isa = PBXFileReference; lastKnownFileType = file.storyboard; name = Base; path = Base.lproj/LaunchScreen.storyboard; sourceTree = "<group>"; };
		FF6B7D11227C4AE600ECAAC4 /* Info.plist */ = {isa = PBXFileReference; lastKnownFileType = text.plist.xml; path = Info.plist; sourceTree = "<group>"; };
		FF6B7D17227C514200ECAAC4 /* Task.swift */ = {isa = PBXFileReference; lastKnownFileType = sourcecode.swift; path = Task.swift; sourceTree = "<group>"; };
		FF6B7D19227D8EBB00ECAAC4 /* TaskDataSource.swift */ = {isa = PBXFileReference; lastKnownFileType = sourcecode.swift; path = TaskDataSource.swift; sourceTree = "<group>"; };
		FF6B7D1B227E9BF100ECAAC4 /* TaskListCell.swift */ = {isa = PBXFileReference; lastKnownFileType = sourcecode.swift; path = TaskListCell.swift; sourceTree = "<group>"; };
		FF6B7D1D228018AE00ECAAC4 /* TaskListViewController.swift */ = {isa = PBXFileReference; lastKnownFileType = sourcecode.swift; path = TaskListViewController.swift; sourceTree = "<group>"; };
		FF6B7D1F2280370000ECAAC4 /* CreateTaskView.swift */ = {isa = PBXFileReference; lastKnownFileType = sourcecode.swift; path = CreateTaskView.swift; sourceTree = "<group>"; };
		FF6B7D212284749B00ECAAC4 /* CreateTaskViewController.swift */ = {isa = PBXFileReference; lastKnownFileType = sourcecode.swift; path = CreateTaskViewController.swift; sourceTree = "<group>"; };
/* End PBXFileReference section */

/* Begin PBXFrameworksBuildPhase section */
		FF6B7CFF227C4AE500ECAAC4 /* Frameworks */ = {
			isa = PBXFrameworksBuildPhase;
			buildActionMask = 2147483647;
			files = (
			);
			runOnlyForDeploymentPostprocessing = 0;
		};
/* End PBXFrameworksBuildPhase section */

/* Begin PBXGroup section */
		FF6B7CF9227C4AE500ECAAC4 = {
			isa = PBXGroup;
			children = (
				FF6B7D04227C4AE500ECAAC4 /* TaskManagement */,
				FF6B7D03227C4AE500ECAAC4 /* Products */,
			);
			sourceTree = "<group>";
		};
		FF6B7D03227C4AE500ECAAC4 /* Products */ = {
			isa = PBXGroup;
			children = (
				FF6B7D02227C4AE500ECAAC4 /* TaskManagement.app */,
			);
			name = Products;
			sourceTree = "<group>";
		};
		FF6B7D04227C4AE500ECAAC4 /* TaskManagement */ = {
			isa = PBXGroup;
			children = (
				FF6B7D05227C4AE500ECAAC4 /* AppDelegate.swift */,
				FF6B7D09227C4AE500ECAAC4 /* Main.storyboard */,
				FF6B7D0C227C4AE600ECAAC4 /* Assets.xcassets */,
				FF6B7D0E227C4AE600ECAAC4 /* LaunchScreen.storyboard */,
				FF6B7D11227C4AE600ECAAC4 /* Info.plist */,
				FF6B7D17227C514200ECAAC4 /* Task.swift */,
				FF6B7D1B227E9BF100ECAAC4 /* TaskListCell.swift */,
				FF6B7D1D228018AE00ECAAC4 /* TaskListViewController.swift */,
				FF6B7D1F2280370000ECAAC4 /* CreateTaskView.swift */,
				FF6B7D212284749B00ECAAC4 /* CreateTaskViewController.swift */,
				FF6B7D19227D8EBB00ECAAC4 /* TaskDataSource.swift */,
			);
			path = TaskManagement;
			sourceTree = "<group>";
		};
/* End PBXGroup section */

/* Begin PBXNativeTarget section */
		FF6B7D01227C4AE500ECAAC4 /* TaskManagement */ = {
			isa = PBXNativeTarget;
			buildConfigurationList = FF6B7D14227C4AE600ECAAC4 /* Build configuration list for PBXNativeTarget "TaskManagement" */;
			buildPhases = (
				FF6B7CFE227C4AE500ECAAC4 /* Sources */,
				FF6B7CFF227C4AE500ECAAC4 /* Frameworks */,
				FF6B7D00227C4AE500ECAAC4 /* Resources */,
			);
			buildRules = (
			);
			dependencies = (
			);
			name = TaskManagement;
			productName = TaskManagement;
			productReference = FF6B7D02227C4AE500ECAAC4 /* TaskManagement.app */;
			productType = "com.apple.product-type.application";
		};
/* End PBXNativeTarget section */

/* Begin PBXProject section */
		FF6B7CFA227C4AE500ECAAC4 /* Project object */ = {
			isa = PBXProject;
			attributes = {
				LastSwiftUpdateCheck = 1010;
				LastUpgradeCheck = 1010;
				ORGANIZATIONNAME = "Yoshiyuki Kato";
				TargetAttributes = {
					FF6B7D01227C4AE500ECAAC4 = {
						CreatedOnToolsVersion = 10.1;
					};
				};
			};
			buildConfigurationList = FF6B7CFD227C4AE500ECAAC4 /* Build configuration list for PBXProject "TaskManagement" */;
			compatibilityVersion = "Xcode 9.3";
			developmentRegion = en;
			hasScannedForEncodings = 0;
			knownRegions = (
				en,
				Base,
			);
			mainGroup = FF6B7CF9227C4AE500ECAAC4;
			productRefGroup = FF6B7D03227C4AE500ECAAC4 /* Products */;
			projectDirPath = "";
			projectRoot = "";
			targets = (
				FF6B7D01227C4AE500ECAAC4 /* TaskManagement */,
			);
		};
/* End PBXProject section */

/* Begin PBXResourcesBuildPhase section */
		FF6B7D00227C4AE500ECAAC4 /* Resources */ = {
			isa = PBXResourcesBuildPhase;
			buildActionMask = 2147483647;
			files = (
				FF6B7D10227C4AE600ECAAC4 /* LaunchScreen.storyboard in Resources */,
				FF6B7D0D227C4AE600ECAAC4 /* Assets.xcassets in Resources */,
				FF6B7D0B227C4AE500ECAAC4 /* Main.storyboard in Resources */,
			);
			runOnlyForDeploymentPostprocessing = 0;
		};
/* End PBXResourcesBuildPhase section */

/* Begin PBXSourcesBuildPhase section */
		FF6B7CFE227C4AE500ECAAC4 /* Sources */ = {
			isa = PBXSourcesBuildPhase;
			buildActionMask = 2147483647;
			files = (
				FF6B7D202280370000ECAAC4 /* CreateTaskView.swift in Sources */,
				FF6B7D1C227E9BF100ECAAC4 /* TaskListCell.swift in Sources */,
				FF6B7D1A227D8EBB00ECAAC4 /* TaskDataSource.swift in Sources */,
				FF6B7D18227C514200ECAAC4 /* Task.swift in Sources */,
				FF6B7D06227C4AE500ECAAC4 /* AppDelegate.swift in Sources */,
				FF6B7D1E228018AE00ECAAC4 /* TaskListViewController.swift in Sources */,
				FF6B7D222284749B00ECAAC4 /* CreateTaskViewController.swift in Sources */,
			);
			runOnlyForDeploymentPostprocessing = 0;
		};
/* End PBXSourcesBuildPhase section */

/* Begin PBXVariantGroup section */
		FF6B7D09227C4AE500ECAAC4 /* Main.storyboard */ = {
			isa = PBXVariantGroup;
			children = (
				FF6B7D0A227C4AE500ECAAC4 /* Base */,
			);
			name = Main.storyboard;
			sourceTree = "<group>";
		};
		FF6B7D0E227C4AE600ECAAC4 /* LaunchScreen.storyboard */ = {
			isa = PBXVariantGroup;
			children = (
				FF6B7D0F227C4AE600ECAAC4 /* Base */,
			);
			name = LaunchScreen.storyboard;
			sourceTree = "<group>";
		};
/* End PBXVariantGroup section */

/* Begin XCBuildConfiguration section */
		FF6B7D12227C4AE600ECAAC4 /* Debug */ = {
			isa = XCBuildConfiguration;
			buildSettings = {
				ALWAYS_SEARCH_USER_PATHS = NO;
				CLANG_ANALYZER_NONNULL = YES;
				CLANG_ANALYZER_NUMBER_OBJECT_CONVERSION = YES_AGGRESSIVE;
				CLANG_CXX_LANGUAGE_STANDARD = "gnu++14";
				CLANG_CXX_LIBRARY = "libc++";
				CLANG_ENABLE_MODULES = YES;
				CLANG_ENABLE_OBJC_ARC = YES;
				CLANG_ENABLE_OBJC_WEAK = YES;
				CLANG_WARN_BLOCK_CAPTURE_AUTORELEASING = YES;
				CLANG_WARN_BOOL_CONVERSION = YES;
				CLANG_WARN_COMMA = YES;
				CLANG_WARN_CONSTANT_CONVERSION = YES;
				CLANG_WARN_DEPRECATED_OBJC_IMPLEMENTATIONS = YES;
				CLANG_WARN_DIRECT_OBJC_ISA_USAGE = YES_ERROR;
				CLANG_WARN_DOCUMENTATION_COMMENTS = YES;
				CLANG_WARN_EMPTY_BODY = YES;
				CLANG_WARN_ENUM_CONVERSION = YES;
				CLANG_WARN_INFINITE_RECURSION = YES;
				CLANG_WARN_INT_CONVERSION = YES;
				CLANG_WARN_NON_LITERAL_NULL_CONVERSION = YES;
				CLANG_WARN_OBJC_IMPLICIT_RETAIN_SELF = YES;
				CLANG_WARN_OBJC_LITERAL_CONVERSION = YES;
				CLANG_WARN_OBJC_ROOT_CLASS = YES_ERROR;
				CLANG_WARN_RANGE_LOOP_ANALYSIS = YES;
				CLANG_WARN_STRICT_PROTOTYPES = YES;
				CLANG_WARN_SUSPICIOUS_MOVE = YES;
				CLANG_WARN_UNGUARDED_AVAILABILITY = YES_AGGRESSIVE;
				CLANG_WARN_UNREACHABLE_CODE = YES;
				CLANG_WARN__DUPLICATE_METHOD_MATCH = YES;
				CODE_SIGN_IDENTITY = "iPhone Developer";
				COPY_PHASE_STRIP = NO;
				DEBUG_INFORMATION_FORMAT = dwarf;
				ENABLE_STRICT_OBJC_MSGSEND = YES;
				ENABLE_TESTABILITY = YES;
				GCC_C_LANGUAGE_STANDARD = gnu11;
				GCC_DYNAMIC_NO_PIC = NO;
				GCC_NO_COMMON_BLOCKS = YES;
				GCC_OPTIMIZATION_LEVEL = 0;
				GCC_PREPROCESSOR_DEFINITIONS = (
					"DEBUG=1",
					"$(inherited)",
				);
				GCC_WARN_64_TO_32_BIT_CONVERSION = YES;
				GCC_WARN_ABOUT_RETURN_TYPE = YES_ERROR;
				GCC_WARN_UNDECLARED_SELECTOR = YES;
				GCC_WARN_UNINITIALIZED_AUTOS = YES_AGGRESSIVE;
				GCC_WARN_UNUSED_FUNCTION = YES;
				GCC_WARN_UNUSED_VARIABLE = YES;
				IPHONEOS_DEPLOYMENT_TARGET = 12.1;
				MTL_ENABLE_DEBUG_INFO = INCLUDE_SOURCE;
				MTL_FAST_MATH = YES;
				ONLY_ACTIVE_ARCH = YES;
				SDKROOT = iphoneos;
				SWIFT_ACTIVE_COMPILATION_CONDITIONS = DEBUG;
				SWIFT_OPTIMIZATION_LEVEL = "-Onone";
			};
			name = Debug;
		};
		FF6B7D13227C4AE600ECAAC4 /* Release */ = {
			isa = XCBuildConfiguration;
			buildSettings = {
				ALWAYS_SEARCH_USER_PATHS = NO;
				CLANG_ANALYZER_NONNULL = YES;
				CLANG_ANALYZER_NUMBER_OBJECT_CONVERSION = YES_AGGRESSIVE;
				CLANG_CXX_LANGUAGE_STANDARD = "gnu++14";
				CLANG_CXX_LIBRARY = "libc++";
				CLANG_ENABLE_MODULES = YES;
				CLANG_ENABLE_OBJC_ARC = YES;
				CLANG_ENABLE_OBJC_WEAK = YES;
				CLANG_WARN_BLOCK_CAPTURE_AUTORELEASING = YES;
				CLANG_WARN_BOOL_CONVERSION = YES;
				CLANG_WARN_COMMA = YES;
				CLANG_WARN_CONSTANT_CONVERSION = YES;
				CLANG_WARN_DEPRECATED_OBJC_IMPLEMENTATIONS = YES;
				CLANG_WARN_DIRECT_OBJC_ISA_USAGE = YES_ERROR;
				CLANG_WARN_DOCUMENTATION_COMMENTS = YES;
				CLANG_WARN_EMPTY_BODY = YES;
				CLANG_WARN_ENUM_CONVERSION = YES;
				CLANG_WARN_INFINITE_RECURSION = YES;
				CLANG_WARN_INT_CONVERSION = YES;
				CLANG_WARN_NON_LITERAL_NULL_CONVERSION = YES;
				CLANG_WARN_OBJC_IMPLICIT_RETAIN_SELF = YES;
				CLANG_WARN_OBJC_LITERAL_CONVERSION = YES;
				CLANG_WARN_OBJC_ROOT_CLASS = YES_ERROR;
				CLANG_WARN_RANGE_LOOP_ANALYSIS = YES;
				CLANG_WARN_STRICT_PROTOTYPES = YES;
				CLANG_WARN_SUSPICIOUS_MOVE = YES;
				CLANG_WARN_UNGUARDED_AVAILABILITY = YES_AGGRESSIVE;
				CLANG_WARN_UNREACHABLE_CODE = YES;
				CLANG_WARN__DUPLICATE_METHOD_MATCH = YES;
				CODE_SIGN_IDENTITY = "iPhone Developer";
				COPY_PHASE_STRIP = NO;
				DEBUG_INFORMATION_FORMAT = "dwarf-with-dsym";
				ENABLE_NS_ASSERTIONS = NO;
				ENABLE_STRICT_OBJC_MSGSEND = YES;
				GCC_C_LANGUAGE_STANDARD = gnu11;
				GCC_NO_COMMON_BLOCKS = YES;
				GCC_WARN_64_TO_32_BIT_CONVERSION = YES;
				GCC_WARN_ABOUT_RETURN_TYPE = YES_ERROR;
				GCC_WARN_UNDECLARED_SELECTOR = YES;
				GCC_WARN_UNINITIALIZED_AUTOS = YES_AGGRESSIVE;
				GCC_WARN_UNUSED_FUNCTION = YES;
				GCC_WARN_UNUSED_VARIABLE = YES;
				IPHONEOS_DEPLOYMENT_TARGET = 12.1;
				MTL_ENABLE_DEBUG_INFO = NO;
				MTL_FAST_MATH = YES;
				SDKROOT = iphoneos;
				SWIFT_COMPILATION_MODE = wholemodule;
				SWIFT_OPTIMIZATION_LEVEL = "-O";
				VALIDATE_PRODUCT = YES;
			};
			name = Release;
		};
		FF6B7D15227C4AE600ECAAC4 /* Debug */ = {
			isa = XCBuildConfiguration;
			buildSettings = {
				ASSETCATALOG_COMPILER_APPICON_NAME = AppIcon;
				CODE_SIGN_STYLE = Automatic;
				DEVELOPMENT_TEAM = GTUY45V892;
				INFOPLIST_FILE = TaskManagement/Info.plist;
				LD_RUNPATH_SEARCH_PATHS = (
					"$(inherited)",
					"@executable_path/Frameworks",
				);
				PRODUCT_BUNDLE_IDENTIFIER = com.yoshi.TaskManagement;
				PRODUCT_NAME = "$(TARGET_NAME)";
				SWIFT_VERSION = 4.2;
				TARGETED_DEVICE_FAMILY = "1,2";
			};
			name = Debug;
		};
		FF6B7D16227C4AE600ECAAC4 /* Release */ = {
			isa = XCBuildConfiguration;
			buildSettings = {
				ASSETCATALOG_COMPILER_APPICON_NAME = AppIcon;
				CODE_SIGN_STYLE = Automatic;
				DEVELOPMENT_TEAM = GTUY45V892;
				INFOPLIST_FILE = TaskManagement/Info.plist;
				LD_RUNPATH_SEARCH_PATHS = (
					"$(inherited)",
					"@executable_path/Frameworks",
				);
				PRODUCT_BUNDLE_IDENTIFIER = com.yoshi.TaskManagement;
				PRODUCT_NAME = "$(TARGET_NAME)";
				SWIFT_VERSION = 4.2;
				TARGETED_DEVICE_FAMILY = "1,2";
			};
			name = Release;
		};
/* End XCBuildConfiguration section */

/* Begin XCConfigurationList section */
		FF6B7CFD227C4AE500ECAAC4 /* Build configuration list for PBXProject "TaskManagement" */ = {
			isa = XCConfigurationList;
			buildConfigurations = (
				FF6B7D12227C4AE600ECAAC4 /* Debug */,
				FF6B7D13227C4AE600ECAAC4 /* Release */,
			);
			defaultConfigurationIsVisible = 0;
			defaultConfigurationName = Release;
		};
		FF6B7D14227C4AE600ECAAC4 /* Build configuration list for PBXNativeTarget "TaskManagement" */ = {
			isa = XCConfigurationList;
			buildConfigurations = (
				FF6B7D15227C4AE600ECAAC4 /* Debug */,
				FF6B7D16227C4AE600ECAAC4 /* Release */,
			);
			defaultConfigurationIsVisible = 0;
			defaultConfigurationName = Release;
		};
/* End XCConfigurationList section */
	};
	rootObject = FF6B7CFA227C4AE500ECAAC4 /* Project object */;
}
